
Microsoft Visual Studio Solution File, Format Version 12.00
Project("{FAE04EC0-301F-11D3-BF4B-00C04F79EFBC}") = "LasLaz", "LasLaz\LasLaz.csproj", "{D213FED1-9479-4CD1-A9BF-73D9B97211C8}"
EndProject
Project("{FAE04EC0-301F-11D3-BF4B-00C04F79EFBC}") = "LasLazTester", "LasLazTester\LasLazTester.csproj", "{923ACC1D-265D-4E69-99AE-1A5159992A0A}"
EndProject
Global
	GlobalSection(SolutionConfigurationPlatforms) = preSolution
		Debug|Any CPU = Debug|Any CPU
		Release|Any CPU = Release|Any CPU
	EndGlobalSection
	GlobalSection(ProjectConfigurationPlatforms) = postSolution
		{D213FED1-9479-4CD1-A9BF-73D9B97211C8}.Debug|Any CPU.ActiveCfg = Debug|Any CPU
		{D213FED1-9479-4CD1-A9BF-73D9B97211C8}.Debug|Any CPU.Build.0 = Debug|Any CPU
		{D213FED1-9479-4CD1-A9BF-73D9B97211C8}.Release|Any CPU.ActiveCfg = Release|Any CPU
		{D213FED1-9479-4CD1-A9BF-73D9B97211C8}.Release|Any CPU.Build.0 = Release|Any CPU
		{923ACC1D-265D-4E69-99AE-1A5159992A0A}.Debug|Any CPU.ActiveCfg = Debug|Any CPU
		{923ACC1D-265D-4E69-99AE-1A5159992A0A}.Debug|Any CPU.Build.0 = Debug|Any CPU
		{923ACC1D-265D-4E69-99AE-1A5159992A0A}.Release|Any CPU.ActiveCfg = Release|Any CPU
		{923ACC1D-265D-4E69-99AE-1A5159992A0A}.Release|Any CPU.Build.0 = Release|Any CPU
	EndGlobalSection
EndGlobal
